{
  "name": "demo-project",
  "version": "1.0.0",
  "lockfileVersion": 3,
  "packages": {
    "": { "name": "demo-project", "version": "1.0.0" },
    "node_modules/sharp-native": {
      "version": "2.4.0",
      "resolved": "https://registry.npmjs.org/sharp-native/-/sharp-native-2.4.0.tgz",
      "hasInstallScript": true
    },
    "node_modules/legacy-addon": {
      "version": "1.1.0",
      "resolved": "https://registry.npmjs.org/legacy-addon/-/legacy-addon-1.1.0.tgz"
    },
    "node_modules/safe-lib": {
      "version": "5.0.0",
      "resolved": "https://registry.npmjs.org/safe-lib/-/safe-lib-5.0.0.tgz"
    },
    "node_modules/patched-fork": {
      "version": "0.3.0",
      "resolved": "git+ssh://git@github.com/someuser/patched-fork.git#0f3a1c2"
    },
    "node_modules/vendored-tarball": {
      "version": "1.0.0",
      "resolved": "https://artifacts.example.com/npm/vendored-tarball-1.0.0.tgz"
    }
  }
}
